
Microsoft Visual Studio Solution File, Format Version 12.00
# Visual Studio Version 17
VisualStudioVersion = 17.0.31903.59
MinimumVisualStudioVersion = 10.0.40219.1
Project("{FAE04EC0-301F-11D3-BF4B-00C04F79EFBC}") = "Api", "Api\Api.csproj", "{FBC50ED4-4E42-47DC-A521-8144DA238003}"
EndProject
Project("{FAE04EC0-301F-11D3-BF4B-00C04F79EFBC}") = "Domain", "Domain\Domain.csproj", "{B9489E97-61A4-437C-9DFF-FC130CFAB24C}"
EndProject
Project("{FAE04EC0-301F-11D3-BF4B-00C04F79EFBC}") = "Services", "Services\Services.csproj", "{7A4569EF-EA7B-40AD-9B95-71C672A21906}"
EndProject
Global
	GlobalSection(SolutionConfigurationPlatforms) = preSolution
		Debug|Any CPU = Debug|Any CPU
		Release|Any CPU = Release|Any CPU
	EndGlobalSection
	GlobalSection(SolutionProperties) = preSolution
		HideSolutionNode = FALSE
	EndGlobalSection
	GlobalSection(ProjectConfigurationPlatforms) = postSolution
		{FBC50ED4-4E42-47DC-A521-8144DA238003}.Debug|Any CPU.ActiveCfg = Debug|Any CPU
		{FBC50ED4-4E42-47DC-A521-8144DA238003}.Debug|Any CPU.Build.0 = Debug|Any CPU
		{FBC50ED4-4E42-47DC-A521-8144DA238003}.Release|Any CPU.ActiveCfg = Release|Any CPU
		{FBC50ED4-4E42-47DC-A521-8144DA238003}.Release|Any CPU.Build.0 = Release|Any CPU
		{B9489E97-61A4-437C-9DFF-FC130CFAB24C}.Debug|Any CPU.ActiveCfg = Debug|Any CPU
		{B9489E97-61A4-437C-9DFF-FC130CFAB24C}.Debug|Any CPU.Build.0 = Debug|Any CPU
		{B9489E97-61A4-437C-9DFF-FC130CFAB24C}.Release|Any CPU.ActiveCfg = Release|Any CPU
		{B9489E97-61A4-437C-9DFF-FC130CFAB24C}.Release|Any CPU.Build.0 = Release|Any CPU
		{7A4569EF-EA7B-40AD-9B95-71C672A21906}.Debug|Any CPU.ActiveCfg = Debug|Any CPU
		{7A4569EF-EA7B-40AD-9B95-71C672A21906}.Debug|Any CPU.Build.0 = Debug|Any CPU
		{7A4569EF-EA7B-40AD-9B95-71C672A21906}.Release|Any CPU.ActiveCfg = Release|Any CPU
		{7A4569EF-EA7B-40AD-9B95-71C672A21906}.Release|Any CPU.Build.0 = Release|Any CPU
	EndGlobalSection
EndGlobal
